<Solution>
  <Folder Name="/Repository/">
    <File Path=".editorconfig" />
    <File Path=".gitattributes" />
    <File Path=".gitmodules" />
    <File Path="Directory.Build.props" />
    <File Path="README.md" />
  </Folder>
  <Project Path="src/Arlecchino.Commander/Arlecchino.Commander.csproj" />
  <Project Path="tests/Arlecchino.Commander.Tests/Arlecchino.Commander.Tests.csproj" />
  <Folder Name="/Arlecchino/">
    <Project Path="lib/Arlecchino/src/Arlecchino.Core/Arlecchino.Core.csproj" />
    <Project Path="lib/Arlecchino/src/Arlecchino/Arlecchino.csproj" />
    <Project Path="lib/Arlecchino/src/Arlecchino.Generators/Arlecchino.Generators.csproj" />
    <Project Path="lib/Arlecchino/src/Arlecchino.Testing/Arlecchino.Testing.csproj" />
  </Folder>
</Solution>
